
Microsoft Visual Studio Solution File, Format Version 12.00
# Visual Studio Version 17
VisualStudioVersion = 17.6.33829.357
MinimumVisualStudioVersion = 10.0.40219.1
Project("{2150E333-8FDC-42A3-9474-1A3956D46DE8}") = "src", "src", "{267C8515-B3E2-4911-ADF0-811AC9F2E3BE}"
EndProject
Project("{2150E333-8FDC-42A3-9474-1A3956D46DE8}") = "App", "App", "{F4EF3557-6CB5-46DE-859F-D488823E03EF}"
EndProject
Project("{2150E333-8FDC-42A3-9474-1A3956D46DE8}") = "Common", "Common", "{29C5BD3C-D4B8-461A-A0FE-D1F97ABB495C}"
EndProject
Project("{FAE04EC0-301F-11D3-BF4B-00C04F79EFBC}") = "XWear.WebApi", "XWear.WebApi\XWear.WebApi.csproj", "{2C581CA4-0371-43E8-8679-F3604C85E729}"
EndProject
Project("{2150E333-8FDC-42A3-9474-1A3956D46DE8}") = "Application", "Application", "{F77F3948-B387-4AED-9BA8-CF8992EB9B5E}"
EndProject
Project("{2150E333-8FDC-42A3-9474-1A3956D46DE8}") = "Domain", "Domain", "{98D41929-3B58-4011-B46E-8F6673CF714A}"
EndProject
Project("{FAE04EC0-301F-11D3-BF4B-00C04F79EFBC}") = "XWear.Application", "XWear.Application\XWear.Application.csproj", "{6482DF38-F9A1-4ECC-8B19-042B69387DB5}"
EndProject
Project("{FAE04EC0-301F-11D3-BF4B-00C04F79EFBC}") = "XWear.Domain", "XWear.Domain\XWear.Domain.csproj", "{BD1CB0FE-B377-462D-8C62-77265AF4E0F2}"
EndProject
Project("{2150E333-8FDC-42A3-9474-1A3956D46DE8}") = "Infrastructure", "Infrastructure", "{975CC400-D352-4DB3-AAD8-99D8405F1AD6}"
EndProject
Project("{FAE04EC0-301F-11D3-BF4B-00C04F79EFBC}") = "XWear.Infrastructure", "XWear.Infrastructure\XWear.Infrastructure.csproj", "{EA96529A-C995-4AF5-A534-4EC8FAB42015}"
EndProject
Project("{2150E333-8FDC-42A3-9474-1A3956D46DE8}") = "Contracts", "Contracts", "{6A6EF057-54FD-448A-850C-20BB3205BD54}"
EndProject
Project("{FAE04EC0-301F-11D3-BF4B-00C04F79EFBC}") = "XWear.Contracts", "XWear.Contracts\XWear.Contracts.csproj", "{E4EF6117-DA13-4C3A-B23F-1F6E220B82B2}"
EndProject
Project("{2150E333-8FDC-42A3-9474-1A3956D46DE8}") = "Requests", "Requests", "{925BAD5C-0FF7-4CDB-AB9E-DEDC52623753}"
EndProject
Project("{2150E333-8FDC-42A3-9474-1A3956D46DE8}") = "Auth", "Auth", "{E617841D-1693-481B-AF6A-8148ADEEB7F9}"
	ProjectSection(SolutionItems) = preProject
		Login.http = Login.http
		Register.http = Register.http
	EndProjectSection
EndProject
Global
	GlobalSection(SolutionConfigurationPlatforms) = preSolution
		Debug|Any CPU = Debug|Any CPU
		Release|Any CPU = Release|Any CPU
	EndGlobalSection
	GlobalSection(ProjectConfigurationPlatforms) = postSolution
		{2C581CA4-0371-43E8-8679-F3604C85E729}.Debug|Any CPU.ActiveCfg = Debug|Any CPU
		{2C581CA4-0371-43E8-8679-F3604C85E729}.Debug|Any CPU.Build.0 = Debug|Any CPU
		{2C581CA4-0371-43E8-8679-F3604C85E729}.Release|Any CPU.ActiveCfg = Release|Any CPU
		{2C581CA4-0371-43E8-8679-F3604C85E729}.Release|Any CPU.Build.0 = Release|Any CPU
		{6482DF38-F9A1-4ECC-8B19-042B69387DB5}.Debug|Any CPU.ActiveCfg = Debug|Any CPU
		{6482DF38-F9A1-4ECC-8B19-042B69387DB5}.Debug|Any CPU.Build.0 = Debug|Any CPU
		{6482DF38-F9A1-4ECC-8B19-042B69387DB5}.Release|Any CPU.ActiveCfg = Release|Any CPU
		{6482DF38-F9A1-4ECC-8B19-042B69387DB5}.Release|Any CPU.Build.0 = Release|Any CPU
		{BD1CB0FE-B377-462D-8C62-77265AF4E0F2}.Debug|Any CPU.ActiveCfg = Debug|Any CPU
		{BD1CB0FE-B377-462D-8C62-77265AF4E0F2}.Debug|Any CPU.Build.0 = Debug|Any CPU
		{BD1CB0FE-B377-462D-8C62-77265AF4E0F2}.Release|Any CPU.ActiveCfg = Release|Any CPU
		{BD1CB0FE-B377-462D-8C62-77265AF4E0F2}.Release|Any CPU.Build.0 = Release|Any CPU
		{EA96529A-C995-4AF5-A534-4EC8FAB42015}.Debug|Any CPU.ActiveCfg = Debug|Any CPU
		{EA96529A-C995-4AF5-A534-4EC8FAB42015}.Debug|Any CPU.Build.0 = Debug|Any CPU
		{EA96529A-C995-4AF5-A534-4EC8FAB42015}.Release|Any CPU.ActiveCfg = Release|Any CPU
		{EA96529A-C995-4AF5-A534-4EC8FAB42015}.Release|Any CPU.Build.0 = Release|Any CPU
		{E4EF6117-DA13-4C3A-B23F-1F6E220B82B2}.Debug|Any CPU.ActiveCfg = Debug|Any CPU
		{E4EF6117-DA13-4C3A-B23F-1F6E220B82B2}.Debug|Any CPU.Build.0 = Debug|Any CPU
		{E4EF6117-DA13-4C3A-B23F-1F6E220B82B2}.Release|Any CPU.ActiveCfg = Release|Any CPU
		{E4EF6117-DA13-4C3A-B23F-1F6E220B82B2}.Release|Any CPU.Build.0 = Release|Any CPU
	EndGlobalSection
	GlobalSection(SolutionProperties) = preSolution
		HideSolutionNode = FALSE
	EndGlobalSection
	GlobalSection(NestedProjects) = preSolution
		{F4EF3557-6CB5-46DE-859F-D488823E03EF} = {267C8515-B3E2-4911-ADF0-811AC9F2E3BE}
		{29C5BD3C-D4B8-461A-A0FE-D1F97ABB495C} = {267C8515-B3E2-4911-ADF0-811AC9F2E3BE}
		{2C581CA4-0371-43E8-8679-F3604C85E729} = {F4EF3557-6CB5-46DE-859F-D488823E03EF}
		{F77F3948-B387-4AED-9BA8-CF8992EB9B5E} = {29C5BD3C-D4B8-461A-A0FE-D1F97ABB495C}
		{98D41929-3B58-4011-B46E-8F6673CF714A} = {29C5BD3C-D4B8-461A-A0FE-D1F97ABB495C}
		{6482DF38-F9A1-4ECC-8B19-042B69387DB5} = {F77F3948-B387-4AED-9BA8-CF8992EB9B5E}
		{BD1CB0FE-B377-462D-8C62-77265AF4E0F2} = {98D41929-3B58-4011-B46E-8F6673CF714A}
		{975CC400-D352-4DB3-AAD8-99D8405F1AD6} = {29C5BD3C-D4B8-461A-A0FE-D1F97ABB495C}
		{EA96529A-C995-4AF5-A534-4EC8FAB42015} = {975CC400-D352-4DB3-AAD8-99D8405F1AD6}
		{6A6EF057-54FD-448A-850C-20BB3205BD54} = {29C5BD3C-D4B8-461A-A0FE-D1F97ABB495C}
		{E4EF6117-DA13-4C3A-B23F-1F6E220B82B2} = {6A6EF057-54FD-448A-850C-20BB3205BD54}
		{925BAD5C-0FF7-4CDB-AB9E-DEDC52623753} = {267C8515-B3E2-4911-ADF0-811AC9F2E3BE}
		{E617841D-1693-481B-AF6A-8148ADEEB7F9} = {925BAD5C-0FF7-4CDB-AB9E-DEDC52623753}
	EndGlobalSection
	GlobalSection(ExtensibilityGlobals) = postSolution
		SolutionGuid = {A027E821-3DB1-4530-8506-90E26171F2A1}
	EndGlobalSection
EndGlobal
